
Microsoft Visual Studio Solution File, Format Version 12.00
# Visual Studio Version 17
VisualStudioVersion = 17.9.34728.123
MinimumVisualStudioVersion = 10.0.40219.1
Project("{8BC9CEB8-8B4A-11D0-8D11-00A0C91BC942}") = "LAB2", "LAB2.vcxproj", "{49F941ED-31BA-4695-98C8-33D7EA3997CE}"
EndProject
Global
	GlobalSection(SolutionConfigurationPlatforms) = preSolution
		Debug|x64 = Debug|x64
		Debug|x86 = Debug|x86
		Release|x64 = Release|x64
		Release|x86 = Release|x86
	EndGlobalSection
	GlobalSection(ProjectConfigurationPlatforms) = postSolution
		{49F941ED-31BA-4695-98C8-33D7EA3997CE}.Debug|x64.ActiveCfg = Debug|x64
		{49F941ED-31BA-4695-98C8-33D7EA3997CE}.Debug|x64.Build.0 = Debug|x64
		{49F941ED-31BA-4695-98C8-33D7EA3997CE}.Debug|x86.ActiveCfg = Debug|Win32
		{49F941ED-31BA-4695-98C8-33D7EA3997CE}.Debug|x86.Build.0 = Debug|Win32
		{49F941ED-31BA-4695-98C8-33D7EA3997CE}.Release|x64.ActiveCfg = Release|x64
		{49F941ED-31BA-4695-98C8-33D7EA3997CE}.Release|x64.Build.0 = Release|x64
		{49F941ED-31BA-4695-98C8-33D7EA3997CE}.Release|x86.ActiveCfg = Release|Win32
		{49F941ED-31BA-4695-98C8-33D7EA3997CE}.Release|x86.Build.0 = Release|Win32
	EndGlobalSection
	GlobalSection(SolutionProperties) = preSolution
		HideSolutionNode = FALSE
	EndGlobalSection
	GlobalSection(ExtensibilityGlobals) = postSolution
		SolutionGuid = {AF4893E9-BC64-4A41-85D7-1960C57999FC}
	EndGlobalSection
EndGlobal
